schema: '2.0'
stages:
  data_ingestion:
    cmd: python src/cnnClassifier/pipeline/stage_01_data_ingestion.py
    deps:
    - path: config/config.yaml
      hash: md5
      md5: 4d629e856a3298fdfd5b921f6bbc1a09
      size: 766
    - path: src/cnnClassifier/pipeline/stage_01_data_ingestion.py
      hash: md5
      md5: b9fa4d5a32034a3fc1905729c7bf0c92
      size: 881
    outs:
    - path: artifacts/data_ingestion/SmallData
      hash: md5
      md5: b3270ae4b3a7018755fb2a852ce2b8ce.dir
      size: 22620427
      nfiles: 300
  prepare_base_model:
    cmd: python src/cnnClassifier/pipeline/stage_02_prepare_base_model.py
    deps:
    - path: config/config.yaml
      hash: md5
      md5: 4d629e856a3298fdfd5b921f6bbc1a09
      size: 766
    - path: src/cnnClassifier/pipeline/stage_02_prepare_base_model.py
      hash: md5
      md5: 32b02e9c79ec7c5ff3d019ee6c6b65db
      size: 961
    params:
      params.yaml:
        CLASSES: 2
        IMAGE_SIZE:
        - 224
        - 224
        - 3
        INCLUDE_TOP: false
        LEARNING_RATE: 0.01
        WEIGHTS: imagenet
    outs:
    - path: artifacts/prepare_base_model
      hash: md5
      md5: 348af7afe1cf21e1ad5e7ed9e5bdd546.dir
      size: 118061293
      nfiles: 2
  training:
    cmd: python src/cnnClassifier/pipeline/stage_03_training.py
    deps:
    - path: artifacts/data_ingestion/SmallData
      hash: md5
      md5: b3270ae4b3a7018755fb2a852ce2b8ce.dir
      size: 22620427
      nfiles: 300
    - path: artifacts/prepare_base_model
      hash: md5
      md5: 348af7afe1cf21e1ad5e7ed9e5bdd546.dir
      size: 118061293
      nfiles: 2
    - path: config/config.yaml
      hash: md5
      md5: 4d629e856a3298fdfd5b921f6bbc1a09
      size: 766
    - path: src/cnnClassifier/components/prepare_callbacks.py
      hash: md5
      md5: fd804d9adfcfc6708967fc91d51cb550
      size: 980
    - path: src/cnnClassifier/pipeline/stage_03_training.py
      hash: md5
      md5: 34d464cfa7f660aa8d2d5c1947077b9f
      size: 1210
    params:
      params.yaml:
        AUGMENTATION: true
        BATCH_SIZE: 16
        EPOCHS: 11
        IMAGE_SIZE:
        - 224
        - 224
        - 3
    outs:
    - path: artifacts/training/model.keras
      hash: md5
      md5: 4a595333e65d89fd16236869efbaf58d
      size: 59537540
  evaluation:
    cmd: python src/cnnClassifier/pipeline/stage_04_evaluation.py
    deps:
    - path: artifacts/data_ingestion/SmallData
      hash: md5
      md5: b3270ae4b3a7018755fb2a852ce2b8ce.dir
      size: 22620427
      nfiles: 300
    - path: artifacts/training/model.keras
      hash: md5
      md5: 4a595333e65d89fd16236869efbaf58d
      size: 59537540
    - path: config/config.yaml
      hash: md5
      md5: 4d629e856a3298fdfd5b921f6bbc1a09
      size: 766
    - path: src/cnnClassifier/pipeline/stage_04_evaluation.py
      hash: md5
      md5: 5348ffce15c4446dee666603210b5663
      size: 833
    params:
      params.yaml:
        BATCH_SIZE: 16
        IMAGE_SIZE:
        - 224
        - 224
        - 3
    outs:
    - path: scores.json
      hash: md5
      md5: 523371602376480238eae08563531bd4
      size: 70
